
Microsoft Visual Studio Solution File, Format Version 12.00
# Visual Studio 2012
Project("{A0786B88-2ADB-4C21-ABE8-AA2D79766269}") = "CharacterSheets", "CharacterSheets.phpproj", "{F8D8D505-FAE4-4260-BDEA-F0654AC21DA2}"
EndProject
Global
	GlobalSection(SolutionConfigurationPlatforms) = preSolution
		Debug|Any CPU = Debug|Any CPU
		Release|Any CPU = Release|Any CPU
	EndGlobalSection
	GlobalSection(ProjectConfigurationPlatforms) = postSolution
		{F8D8D505-FAE4-4260-BDEA-F0654AC21DA2}.Debug|Any CPU.ActiveCfg = Debug|Any CPU
		{F8D8D505-FAE4-4260-BDEA-F0654AC21DA2}.Debug|Any CPU.Build.0 = Debug|Any CPU
		{F8D8D505-FAE4-4260-BDEA-F0654AC21DA2}.Release|Any CPU.ActiveCfg = Release|Any CPU
		{F8D8D505-FAE4-4260-BDEA-F0654AC21DA2}.Release|Any CPU.Build.0 = Release|Any CPU
	EndGlobalSection
	GlobalSection(SolutionProperties) = preSolution
		HideSolutionNode = FALSE
	EndGlobalSection
EndGlobal
